{
  "name": "tests",
  "version": "1.0.0",
  "lockfileVersion": 3,
  "requires": true,
  "packages": {
    "": {
      "name": "tests",
      "version": "1.0.0",
      "license": "ISC",
      "dependencies": {
        "@keepkey/keepkey-sdk": "^0.2.62"
      }
    },
    "node_modules/@keepkey/keepkey-sdk": {
      "version": "0.2.62",
      "resolved": "https://registry.npmjs.org/@keepkey/keepkey-sdk/-/keepkey-sdk-0.2.62.tgz",
      "integrity": "sha512-RQYR4hljLytvIK7Q0lV5x+gd/gtAtYtO5a7af5dKUf4pTX5zrRNOrCZIDNQT/f+ZExhRIZ7mO8SoO00AoYMcUQ==",
      "license": "MIT"
    }
  }
}
